<?xml version="1.0" encoding="utf-8"?>
<Project ToolsVersion="4.0" xmlns="http://schemas.microsoft.com/developer/msbuild/2003">
  <ItemGroup>
    <Filter Include="Source Files">
      <UniqueIdentifier>{aa2e9e71-b6d3-4793-a44f-5209ddb57706}</UniqueIdentifier>
      <Extensions>cpp;c;cxx;rc;def;r;odl;idl;hpj;bat</Extensions>
    </Filter>
    <Filter Include="Header Files">
      <UniqueIdentifier>{7651c027-cd31-4eb5-b3d9-fe525249c8c6}</UniqueIdentifier>
      <Extensions>h;hpp;hxx;hm;inl</Extensions>
    </Filter>
    <Filter Include="Resource Files">
      <UniqueIdentifier>{a7d921d1-38d2-4861-ab26-6d3c0c7a414f}</UniqueIdentifier>
      <Extensions>ico;cur;bmp;dlg;rc2;rct;bin;rgs;gif;jpg;jpeg;jpe</Extensions>
    </Filter>
  </ItemGroup>
  <ItemGroup>
    <ClCompile Include="BMP.CPP">
      <Filter>Source Files</Filter>
    </ClCompile>
    <ClCompile Include="DCT.CPP">
      <Filter>Source Files</Filter>
    </ClCompile>
    <ClCompile Include="Encode.cpp">
      <Filter>Source Files</Filter>
    </ClCompile>
    <ClCompile Include="HuffEncode.cpp">
      <Filter>Source Files</Filter>
    </ClCompile>
    <ClCompile Include="IO.CPP">
      <Filter>Source Files</Filter>
    </ClCompile>
    <ClCompile Include="JPEG.CPP">
      <Filter>Source Files</Filter>
    </ClCompile>
    <ClCompile Include="Main.cpp">
      <Filter>Source Files</Filter>
    </ClCompile>
  </ItemGroup>
  <ItemGroup>
    <ClInclude Include="BMP.H">
      <Filter>Header Files</Filter>
    </ClInclude>
    <ClInclude Include="DataType.h">
      <Filter>Header Files</Filter>
    </ClInclude>
    <ClInclude Include="DCT.H">
      <Filter>Header Files</Filter>
    </ClInclude>
    <ClInclude Include="Encode.h">
      <Filter>Header Files</Filter>
    </ClInclude>
    <ClInclude Include="HuffEncode.h">
      <Filter>Header Files</Filter>
    </ClInclude>
    <ClInclude Include="IO.H">
      <Filter>Header Files</Filter>
    </ClInclude>
    <ClInclude Include="JPEG.H">
      <Filter>Header Files</Filter>
    </ClInclude>
  </ItemGroup>
</Project>